// !$*UTF8*$!
{
	archiveVersion = 1;
	classes = {
	};
	objectVersion = 50;
	objects = {

/* Begin PBXBuildFile section */
		1311D07624E88A020091F930 /* AppDelegate.swift in Sources */ = {isa = PBXBuildFile; fileRef = 1311D07524E88A020091F930 /* AppDelegate.swift */; };
		1311D07824E88A020091F930 /* SceneDelegate.swift in Sources */ = {isa = PBXBuildFile; fileRef = 1311D07724E88A020091F930 /* SceneDelegate.swift */; };
		1311D07A24E88A020091F930 /* ViewController.swift in Sources */ = {isa = PBXBuildFile; fileRef = 1311D07924E88A020091F930 /* ViewController.swift */; };
		1311D07D24E88A020091F930 /* Main.storyboard in Resources */ = {isa = PBXBuildFile; fileRef = 1311D07B24E88A020091F930 /* Main.storyboard */; };
		1311D07F24E88A060091F930 /* Assets.xcassets in Resources */ = {isa = PBXBuildFile; fileRef = 1311D07E24E88A060091F930 /* Assets.xcassets */; };
		1311D08224E88A060091F930 /* LaunchScreen.storyboard in Resources */ = {isa = PBXBuildFile; fileRef = 1311D08024E88A060091F930 /* LaunchScreen.storyboard */; };
		1311D08D24E88A060091F930 /* tipTests.swift in Sources */ = {isa = PBXBuildFile; fileRef = 1311D08C24E88A060091F930 /* tipTests.swift */; };
		1311D09824E88A060091F930 /* tipUITests.swift in Sources */ = {isa = PBXBuildFile; fileRef = 1311D09724E88A060091F930 /* tipUITests.swift */; };
/* End PBXBuildFile section */

/* Begin PBXContainerItemProxy section */
		1311D08924E88A060091F930 /* PBXContainerItemProxy */ = {
			isa = PBXContainerItemProxy;
			containerPortal = 1311D06A24E88A020091F930 /* Project object */;
			proxyType = 1;
			remoteGlobalIDString = 1311D07124E88A020091F930;
			remoteInfo = tip;
		};
		1311D09424E88A060091F930 /* PBXContainerItemProxy */ = {
			isa = PBXContainerItemProxy;
			containerPortal = 1311D06A24E88A020091F930 /* Project object */;
			proxyType = 1;
			remoteGlobalIDString = 1311D07124E88A020091F930;
			remoteInfo = tip;
		};
/* End PBXContainerItemProxy section */

/* Begin PBXFileReference section */
		1311D07224E88A020091F930 /* tip.app */ = {isa = PBXFileReference; explicitFileType = wrapper.application; includeInIndex = 0; path = tip.app; sourceTree = BUILT_PRODUCTS_DIR; };
		1311D07524E88A020091F930 /* AppDelegate.swift */ = {isa = PBXFileReference; lastKnownFileType = sourcecode.swift; path = AppDelegate.swift; sourceTree = "<group>"; };
		1311D07724E88A020091F930 /* SceneDelegate.swift */ = {isa = PBXFileReference; lastKnownFileType = sourcecode.swift; path = SceneDelegate.swift; sourceTree = "<group>"; };
		1311D07924E88A020091F930 /* ViewController.swift */ = {isa = PBXFileReference; lastKnownFileType = sourcecode.swift; path = ViewController.swift; sourceTree = "<group>"; };
		1311D07C24E88A020091F930 /* Base */ = {isa = PBXFileReference; lastKnownFileType = file.storyboard; name = Base; path = Base.lproj/Main.storyboard; sourceTree = "<group>"; };
		1311D07E24E88A060091F930 /* Assets.xcassets */ = {isa = PBXFileReference; lastKnownFileType = folder.assetcatalog; path = Assets.xcassets; sourceTree = "<group>"; };
		1311D08124E88A060091F930 /* Base */ = {isa = PBXFileReference; lastKnownFileType = file.storyboard; name = Base; path = Base.lproj/LaunchScreen.storyboard; sourceTree = "<group>"; };
		1311D08324E88A060091F930 /* Info.plist */ = {isa = PBXFileReference; lastKnownFileType = text.plist.xml; path = Info.plist; sourceTree = "<group>"; };
		1311D08824E88A060091F930 /* tipTests.xctest */ = {isa = PBXFileReference; explicitFileType = wrapper.cfbundle; includeInIndex = 0; path = tipTests.xctest; sourceTree = BUILT_PRODUCTS_DIR; };
		1311D08C24E88A060091F930 /* tipTests.swift */ = {isa = PBXFileReference; lastKnownFileType = sourcecode.swift; path = tipTests.swift; sourceTree = "<group>"; };
		1311D08E24E88A060091F930 /* Info.plist */ = {isa = PBXFileReference; lastKnownFileType = text.plist.xml; path = Info.plist; sourceTree = "<group>"; };
		1311D09324E88A060091F930 /* tipUITests.xctest */ = {isa = PBXFileReference; explicitFileType = wrapper.cfbundle; includeInIndex = 0; path = tipUITests.xctest; sourceTree = BUILT_PRODUCTS_DIR; };
		1311D09724E88A060091F930 /* tipUITests.swift */ = {isa = PBXFileReference; lastKnownFileType = sourcecode.swift; path = tipUITests.swift; sourceTree = "<group>"; };
		1311D09924E88A060091F930 /* Info.plist */ = {isa = PBXFileReference; lastKnownFileType = text.plist.xml; path = Info.plist; sourceTree = "<group>"; };
/* End PBXFileReference section */

/* Begin PBXFrameworksBuildPhase section */
		1311D06F24E88A020091F930 /* Frameworks */ = {
			isa = PBXFrameworksBuildPhase;
			buildActionMask = 2147483647;
			files = (
			);
			runOnlyForDeploymentPostprocessing = 0;
		};
		1311D08524E88A060091F930 /* Frameworks */ = {
			isa = PBXFrameworksBuildPhase;
			buildActionMask = 2147483647;
			files = (
			);
			runOnlyForDeploymentPostprocessing = 0;
		};
		1311D09024E88A060091F930 /* Frameworks */ = {
			isa = PBXFrameworksBuildPhase;
			buildActionMask = 2147483647;
			files = (
			);
			runOnlyForDeploymentPostprocessing = 0;
		};
/* End PBXFrameworksBuildPhase section */

/* Begin PBXGroup section */
		1311D06924E88A020091F930 = {
			isa = PBXGroup;
			children = (
				1311D07424E88A020091F930 /* tip */,
				1311D08B24E88A060091F930 /* tipTests */,
				1311D09624E88A060091F930 /* tipUITests */,
				1311D07324E88A020091F930 /* Products */,
			);
			sourceTree = "<group>";
		};
		1311D07324E88A020091F930 /* Products */ = {
			isa = PBXGroup;
			children = (
				1311D07224E88A020091F930 /* tip.app */,
				1311D08824E88A060091F930 /* tipTests.xctest */,
				1311D09324E88A060091F930 /* tipUITests.xctest */,
			);
			name = Products;
			sourceTree = "<group>";
		};
		1311D07424E88A020091F930 /* tip */ = {
			isa = PBXGroup;
			children = (
				1311D07524E88A020091F930 /* AppDelegate.swift */,
				1311D07724E88A020091F930 /* SceneDelegate.swift */,
				1311D07924E88A020091F930 /* ViewController.swift */,
				1311D07B24E88A020091F930 /* Main.storyboard */,
				1311D07E24E88A060091F930 /* Assets.xcassets */,
				1311D08024E88A060091F930 /* LaunchScreen.storyboard */,
				1311D08324E88A060091F930 /* Info.plist */,
			);
			path = tip;
			sourceTree = "<group>";
		};
		1311D08B24E88A060091F930 /* tipTests */ = {
			isa = PBXGroup;
			children = (
				1311D08C24E88A060091F930 /* tipTests.swift */,
				1311D08E24E88A060091F930 /* Info.plist */,
			);
			path = tipTests;
			sourceTree = "<group>";
		};
		1311D09624E88A060091F930 /* tipUITests */ = {
			isa = PBXGroup;
			children = (
				1311D09724E88A060091F930 /* tipUITests.swift */,
				1311D09924E88A060091F930 /* Info.plist */,
			);
			path = tipUITests;
			sourceTree = "<group>";
		};
/* End PBXGroup section */

/* Begin PBXNativeTarget section */
		1311D07124E88A020091F930 /* tip */ = {
			isa = PBXNativeTarget;
			buildConfigurationList = 1311D09C24E88A060091F930 /* Build configuration list for PBXNativeTarget "tip" */;
			buildPhases = (
				1311D06E24E88A020091F930 /* Sources */,
				1311D06F24E88A020091F930 /* Frameworks */,
				1311D07024E88A020091F930 /* Resources */,
			);
			buildRules = (
			);
			dependencies = (
			);
			name = tip;
			productName = tip;
			productReference = 1311D07224E88A020091F930 /* tip.app */;
			productType = "com.apple.product-type.application";
		};
		1311D08724E88A060091F930 /* tipTests */ = {
			isa = PBXNativeTarget;
			buildConfigurationList = 1311D09F24E88A060091F930 /* Build configuration list for PBXNativeTarget "tipTests" */;
			buildPhases = (
				1311D08424E88A060091F930 /* Sources */,
				1311D08524E88A060091F930 /* Frameworks */,
				1311D08624E88A060091F930 /* Resources */,
			);
			buildRules = (
			);
			dependencies = (
				1311D08A24E88A060091F930 /* PBXTargetDependency */,
			);
			name = tipTests;
			productName = tipTests;
			productReference = 1311D08824E88A060091F930 /* tipTests.xctest */;
			productType = "com.apple.product-type.bundle.unit-test";
		};
		1311D09224E88A060091F930 /* tipUITests */ = {
			isa = PBXNativeTarget;
			buildConfigurationList = 1311D0A224E88A060091F930 /* Build configuration list for PBXNativeTarget "tipUITests" */;
			buildPhases = (
				1311D08F24E88A060091F930 /* Sources */,
				1311D09024E88A060091F930 /* Frameworks */,
				1311D09124E88A060091F930 /* Resources */,
			);
			buildRules = (
			);
			dependencies = (
				1311D09524E88A060091F930 /* PBXTargetDependency */,
			);
			name = tipUITests;
			productName = tipUITests;
			productReference = 1311D09324E88A060091F930 /* tipUITests.xctest */;
			productType = "com.apple.product-type.bundle.ui-testing";
		};
/* End PBXNativeTarget section */

/* Begin PBXProject section */
		1311D06A24E88A020091F930 /* Project object */ = {
			isa = PBXProject;
			attributes = {
				LastSwiftUpdateCheck = 1160;
				LastUpgradeCheck = 1160;
				ORGANIZATIONNAME = Codepath;
				TargetAttributes = {
					1311D07124E88A020091F930 = {
						CreatedOnToolsVersion = 11.6;
					};
					1311D08724E88A060091F930 = {
						CreatedOnToolsVersion = 11.6;
						TestTargetID = 1311D07124E88A020091F930;
					};
					1311D09224E88A060091F930 = {
						CreatedOnToolsVersion = 11.6;
						TestTargetID = 1311D07124E88A020091F930;
					};
				};
			};
			buildConfigurationList = 1311D06D24E88A020091F930 /* Build configuration list for PBXProject "tip" */;
			compatibilityVersion = "Xcode 9.3";
			developmentRegion = en;
			hasScannedForEncodings = 0;
			knownRegions = (
				en,
				Base,
			);
			mainGroup = 1311D06924E88A020091F930;
			productRefGroup = 1311D07324E88A020091F930 /* Products */;
			projectDirPath = "";
			projectRoot = "";
			targets = (
				1311D07124E88A020091F930 /* tip */,
				1311D08724E88A060091F930 /* tipTests */,
				1311D09224E88A060091F930 /* tipUITests */,
			);
		};
/* End PBXProject section */

/* Begin PBXResourcesBuildPhase section */
		1311D07024E88A020091F930 /* Resources */ = {
			isa = PBXResourcesBuildPhase;
			buildActionMask = 2147483647;
			files = (
				1311D08224E88A060091F930 /* LaunchScreen.storyboard in Resources */,
				1311D07F24E88A060091F930 /* Assets.xcassets in Resources */,
				1311D07D24E88A020091F930 /* Main.storyboard in Resources */,
			);
			runOnlyForDeploymentPostprocessing = 0;
		};
		1311D08624E88A060091F930 /* Resources */ = {
			isa = PBXResourcesBuildPhase;
			buildActionMask = 2147483647;
			files = (
			);
			runOnlyForDeploymentPostprocessing = 0;
		};
		1311D09124E88A060091F930 /* Resources */ = {
			isa = PBXResourcesBuildPhase;
			buildActionMask = 2147483647;
			files = (
			);
			runOnlyForDeploymentPostprocessing = 0;
		};
/* End PBXResourcesBuildPhase section */

/* Begin PBXSourcesBuildPhase section */
		1311D06E24E88A020091F930 /* Sources */ = {
			isa = PBXSourcesBuildPhase;
			buildActionMask = 2147483647;
			files = (
				1311D07A24E88A020091F930 /* ViewController.swift in Sources */,
				1311D07624E88A020091F930 /* AppDelegate.swift in Sources */,
				1311D07824E88A020091F930 /* SceneDelegate.swift in Sources */,
			);
			runOnlyForDeploymentPostprocessing = 0;
		};
		1311D08424E88A060091F930 /* Sources */ = {
			isa = PBXSourcesBuildPhase;
			buildActionMask = 2147483647;
			files = (
				1311D08D24E88A060091F930 /* tipTests.swift in Sources */,
			);
			runOnlyForDeploymentPostprocessing = 0;
		};
		1311D08F24E88A060091F930 /* Sources */ = {
			isa = PBXSourcesBuildPhase;
			buildActionMask = 2147483647;
			files = (
				1311D09824E88A060091F930 /* tipUITests.swift in Sources */,
			);
			runOnlyForDeploymentPostprocessing = 0;
		};
/* End PBXSourcesBuildPhase section */

/* Begin PBXTargetDependency section */
		1311D08A24E88A060091F930 /* PBXTargetDependency */ = {
			isa = PBXTargetDependency;
			target = 1311D07124E88A020091F930 /* tip */;
			targetProxy = 1311D08924E88A060091F930 /* PBXContainerItemProxy */;
		};
		1311D09524E88A060091F930 /* PBXTargetDependency */ = {
			isa = PBXTargetDependency;
			target = 1311D07124E88A020091F930 /* tip */;
			targetProxy = 1311D09424E88A060091F930 /* PBXContainerItemProxy */;
		};
/* End PBXTargetDependency section */

/* Begin PBXVariantGroup section */
		1311D07B24E88A020091F930 /* Main.storyboard */ = {
			isa = PBXVariantGroup;
			children = (
				1311D07C24E88A020091F930 /* Base */,
			);
			name = Main.storyboard;
			sourceTree = "<group>";
		};
		1311D08024E88A060091F930 /* LaunchScreen.storyboard */ = {
			isa = PBXVariantGroup;
			children = (
				1311D08124E88A060091F930 /* Base */,
			);
			name = LaunchScreen.storyboard;
			sourceTree = "<group>";
		};
/* End PBXVariantGroup section */

/* Begin XCBuildConfiguration section */
		1311D09A24E88A060091F930 /* Debug */ = {
			isa = XCBuildConfiguration;
			buildSettings = {
				ALWAYS_SEARCH_USER_PATHS = NO;
				CLANG_ANALYZER_NONNULL = YES;
				CLANG_ANALYZER_NUMBER_OBJECT_CONVERSION = YES_AGGRESSIVE;
				CLANG_CXX_LANGUAGE_STANDARD = "gnu++14";
				CLANG_CXX_LIBRARY = "libc++";
				CLANG_ENABLE_MODULES = YES;
				CLANG_ENABLE_OBJC_ARC = YES;
				CLANG_ENABLE_OBJC_WEAK = YES;
				CLANG_WARN_BLOCK_CAPTURE_AUTORELEASING = YES;
				CLANG_WARN_BOOL_CONVERSION = YES;
				CLANG_WARN_COMMA = YES;
				CLANG_WARN_CONSTANT_CONVERSION = YES;
				CLANG_WARN_DEPRECATED_OBJC_IMPLEMENTATIONS = YES;
				CLANG_WARN_DIRECT_OBJC_ISA_USAGE = YES_ERROR;
				CLANG_WARN_DOCUMENTATION_COMMENTS = YES;
				CLANG_WARN_EMPTY_BODY = YES;
				CLANG_WARN_ENUM_CONVERSION = YES;
				CLANG_WARN_INFINITE_RECURSION = YES;
				CLANG_WARN_INT_CONVERSION = YES;
				CLANG_WARN_NON_LITERAL_NULL_CONVERSION = YES;
				CLANG_WARN_OBJC_IMPLICIT_RETAIN_SELF = YES;
				CLANG_WARN_OBJC_LITERAL_CONVERSION = YES;
				CLANG_WARN_OBJC_ROOT_CLASS = YES_ERROR;
				CLANG_WARN_RANGE_LOOP_ANALYSIS = YES;
				CLANG_WARN_STRICT_PROTOTYPES = YES;
				CLANG_WARN_SUSPICIOUS_MOVE = YES;
				CLANG_WARN_UNGUARDED_AVAILABILITY = YES_AGGRESSIVE;
				CLANG_WARN_UNREACHABLE_CODE = YES;
				CLANG_WARN__DUPLICATE_METHOD_MATCH = YES;
				COPY_PHASE_STRIP = NO;
				DEBUG_INFORMATION_FORMAT = dwarf;
				ENABLE_STRICT_OBJC_MSGSEND = YES;
				ENABLE_TESTABILITY = YES;
				GCC_C_LANGUAGE_STANDARD = gnu11;
				GCC_DYNAMIC_NO_PIC = NO;
				GCC_NO_COMMON_BLOCKS = YES;
				GCC_OPTIMIZATION_LEVEL = 0;
				GCC_PREPROCESSOR_DEFINITIONS = (
					"DEBUG=1",
					"$(inherited)",
				);
				GCC_WARN_64_TO_32_BIT_CONVERSION = YES;
				GCC_WARN_ABOUT_RETURN_TYPE = YES_ERROR;
				GCC_WARN_UNDECLARED_SELECTOR = YES;
				GCC_WARN_UNINITIALIZED_AUTOS = YES_AGGRESSIVE;
				GCC_WARN_UNUSED_FUNCTION = YES;
				GCC_WARN_UNUSED_VARIABLE = YES;
				IPHONEOS_DEPLOYMENT_TARGET = 13.6;
				MTL_ENABLE_DEBUG_INFO = INCLUDE_SOURCE;
				MTL_FAST_MATH = YES;
				ONLY_ACTIVE_ARCH = YES;
				SDKROOT = iphoneos;
				SWIFT_ACTIVE_COMPILATION_CONDITIONS = DEBUG;
				SWIFT_OPTIMIZATION_LEVEL = "-Onone";
			};
			name = Debug;
		};
		1311D09B24E88A060091F930 /* Release */ = {
			isa = XCBuildConfiguration;
			buildSettings = {
				ALWAYS_SEARCH_USER_PATHS = NO;
				CLANG_ANALYZER_NONNULL = YES;
				CLANG_ANALYZER_NUMBER_OBJECT_CONVERSION = YES_AGGRESSIVE;
				CLANG_CXX_LANGUAGE_STANDARD = "gnu++14";
				CLANG_CXX_LIBRARY = "libc++";
				CLANG_ENABLE_MODULES = YES;
				CLANG_ENABLE_OBJC_ARC = YES;
				CLANG_ENABLE_OBJC_WEAK = YES;
				CLANG_WARN_BLOCK_CAPTURE_AUTORELEASING = YES;
				CLANG_WARN_BOOL_CONVERSION = YES;
				CLANG_WARN_COMMA = YES;
				CLANG_WARN_CONSTANT_CONVERSION = YES;
				CLANG_WARN_DEPRECATED_OBJC_IMPLEMENTATIONS = YES;
				CLANG_WARN_DIRECT_OBJC_ISA_USAGE = YES_ERROR;
				CLANG_WARN_DOCUMENTATION_COMMENTS = YES;
				CLANG_WARN_EMPTY_BODY = YES;
				CLANG_WARN_ENUM_CONVERSION = YES;
				CLANG_WARN_INFINITE_RECURSION = YES;
				CLANG_WARN_INT_CONVERSION = YES;
				CLANG_WARN_NON_LITERAL_NULL_CONVERSION = YES;
				CLANG_WARN_OBJC_IMPLICIT_RETAIN_SELF = YES;
				CLANG_WARN_OBJC_LITERAL_CONVERSION = YES;
				CLANG_WARN_OBJC_ROOT_CLASS = YES_ERROR;
				CLANG_WARN_RANGE_LOOP_ANALYSIS = YES;
				CLANG_WARN_STRICT_PROTOTYPES = YES;
				CLANG_WARN_SUSPICIOUS_MOVE = YES;
				CLANG_WARN_UNGUARDED_AVAILABILITY = YES_AGGRESSIVE;
				CLANG_WARN_UNREACHABLE_CODE = YES;
				CLANG_WARN__DUPLICATE_METHOD_MATCH = YES;
				COPY_PHASE_STRIP = NO;
				DEBUG_INFORMATION_FORMAT = "dwarf-with-dsym";
				ENABLE_NS_ASSERTIONS = NO;
				ENABLE_STRICT_OBJC_MSGSEND = YES;
				GCC_C_LANGUAGE_STANDARD = gnu11;
				GCC_NO_COMMON_BLOCKS = YES;
				GCC_WARN_64_TO_32_BIT_CONVERSION = YES;
				GCC_WARN_ABOUT_RETURN_TYPE = YES_ERROR;
				GCC_WARN_UNDECLARED_SELECTOR = YES;
				GCC_WARN_UNINITIALIZED_AUTOS = YES_AGGRESSIVE;
				GCC_WARN_UNUSED_FUNCTION = YES;
				GCC_WARN_UNUSED_VARIABLE = YES;
				IPHONEOS_DEPLOYMENT_TARGET = 13.6;
				MTL_ENABLE_DEBUG_INFO = NO;
				MTL_FAST_MATH = YES;
				SDKROOT = iphoneos;
				SWIFT_COMPILATION_MODE = wholemodule;
				SWIFT_OPTIMIZATION_LEVEL = "-O";
				VALIDATE_PRODUCT = YES;
			};
			name = Release;
		};
		1311D09D24E88A060091F930 /* Debug */ = {
			isa = XCBuildConfiguration;
			buildSettings = {
				ASSETCATALOG_COMPILER_APPICON_NAME = AppIcon;
				CODE_SIGN_STYLE = Automatic;
				INFOPLIST_FILE = tip/Info.plist;
				LD_RUNPATH_SEARCH_PATHS = (
					"$(inherited)",
					"@executable_path/Frameworks",
				);
				PRODUCT_BUNDLE_IDENTIFIER = Codepath.tip;
				PRODUCT_NAME = "$(TARGET_NAME)";
				SWIFT_VERSION = 5.0;
				TARGETED_DEVICE_FAMILY = "1,2";
			};
			name = Debug;
		};
		1311D09E24E88A060091F930 /* Release */ = {
			isa = XCBuildConfiguration;
			buildSettings = {
				ASSETCATALOG_COMPILER_APPICON_NAME = AppIcon;
				CODE_SIGN_STYLE = Automatic;
				INFOPLIST_FILE = tip/Info.plist;
				LD_RUNPATH_SEARCH_PATHS = (
					"$(inherited)",
					"@executable_path/Frameworks",
				);
				PRODUCT_BUNDLE_IDENTIFIER = Codepath.tip;
				PRODUCT_NAME = "$(TARGET_NAME)";
				SWIFT_VERSION = 5.0;
				TARGETED_DEVICE_FAMILY = "1,2";
			};
			name = Release;
		};
		1311D0A024E88A060091F930 /* Debug */ = {
			isa = XCBuildConfiguration;
			buildSettings = {
				ALWAYS_EMBED_SWIFT_STANDARD_LIBRARIES = YES;
				BUNDLE_LOADER = "$(TEST_HOST)";
				CODE_SIGN_STYLE = Automatic;
				INFOPLIST_FILE = tipTests/Info.plist;
				IPHONEOS_DEPLOYMENT_TARGET = 13.6;
				LD_RUNPATH_SEARCH_PATHS = (
					"$(inherited)",
					"@executable_path/Frameworks",
					"@loader_path/Frameworks",
				);
				PRODUCT_BUNDLE_IDENTIFIER = Codepath.tipTests;
				PRODUCT_NAME = "$(TARGET_NAME)";
				SWIFT_VERSION = 5.0;
				TARGETED_DEVICE_FAMILY = "1,2";
				TEST_HOST = "$(BUILT_PRODUCTS_DIR)/tip.app/tip";
			};
			name = Debug;
		};
		1311D0A124E88A060091F930 /* Release */ = {
			isa = XCBuildConfiguration;
			buildSettings = {
				ALWAYS_EMBED_SWIFT_STANDARD_LIBRARIES = YES;
				BUNDLE_LOADER = "$(TEST_HOST)";
				CODE_SIGN_STYLE = Automatic;
				INFOPLIST_FILE = tipTests/Info.plist;
				IPHONEOS_DEPLOYMENT_TARGET = 13.6;
				LD_RUNPATH_SEARCH_PATHS = (
					"$(inherited)",
					"@executable_path/Frameworks",
					"@loader_path/Frameworks",
				);
				PRODUCT_BUNDLE_IDENTIFIER = Codepath.tipTests;
				PRODUCT_NAME = "$(TARGET_NAME)";
				SWIFT_VERSION = 5.0;
				TARGETED_DEVICE_FAMILY = "1,2";
				TEST_HOST = "$(BUILT_PRODUCTS_DIR)/tip.app/tip";
			};
			name = Release;
		};
		1311D0A324E88A060091F930 /* Debug */ = {
			isa = XCBuildConfiguration;
			buildSettings = {
				ALWAYS_EMBED_SWIFT_STANDARD_LIBRARIES = YES;
				CODE_SIGN_STYLE = Automatic;
				INFOPLIST_FILE = tipUITests/Info.plist;
				LD_RUNPATH_SEARCH_PATHS = (
					"$(inherited)",
					"@executable_path/Frameworks",
					"@loader_path/Frameworks",
				);
				PRODUCT_BUNDLE_IDENTIFIER = Codepath.tipUITests;
				PRODUCT_NAME = "$(TARGET_NAME)";
				SWIFT_VERSION = 5.0;
				TARGETED_DEVICE_FAMILY = "1,2";
				TEST_TARGET_NAME = tip;
			};
			name = Debug;
		};
		1311D0A424E88A060091F930 /* Release */ = {
			isa = XCBuildConfiguration;
			buildSettings = {
				ALWAYS_EMBED_SWIFT_STANDARD_LIBRARIES = YES;
				CODE_SIGN_STYLE = Automatic;
				INFOPLIST_FILE = tipUITests/Info.plist;
				LD_RUNPATH_SEARCH_PATHS = (
					"$(inherited)",
					"@executable_path/Frameworks",
					"@loader_path/Frameworks",
				);
				PRODUCT_BUNDLE_IDENTIFIER = Codepath.tipUITests;
				PRODUCT_NAME = "$(TARGET_NAME)";
				SWIFT_VERSION = 5.0;
				TARGETED_DEVICE_FAMILY = "1,2";
				TEST_TARGET_NAME = tip;
			};
			name = Release;
		};
/* End XCBuildConfiguration section */

/* Begin XCConfigurationList section */
		1311D06D24E88A020091F930 /* Build configuration list for PBXProject "tip" */ = {
			isa = XCConfigurationList;
			buildConfigurations = (
				1311D09A24E88A060091F930 /* Debug */,
				1311D09B24E88A060091F930 /* Release */,
			);
			defaultConfigurationIsVisible = 0;
			defaultConfigurationName = Release;
		};
		1311D09C24E88A060091F930 /* Build configuration list for PBXNativeTarget "tip" */ = {
			isa = XCConfigurationList;
			buildConfigurations = (
				1311D09D24E88A060091F930 /* Debug */,
				1311D09E24E88A060091F930 /* Release */,
			);
			defaultConfigurationIsVisible = 0;
			defaultConfigurationName = Release;
		};
		1311D09F24E88A060091F930 /* Build configuration list for PBXNativeTarget "tipTests" */ = {
			isa = XCConfigurationList;
			buildConfigurations = (
				1311D0A024E88A060091F930 /* Debug */,
				1311D0A124E88A060091F930 /* Release */,
			);
			defaultConfigurationIsVisible = 0;
			defaultConfigurationName = Release;
		};
		1311D0A224E88A060091F930 /* Build configuration list for PBXNativeTarget "tipUITests" */ = {
			isa = XCConfigurationList;
			buildConfigurations = (
				1311D0A324E88A060091F930 /* Debug */,
				1311D0A424E88A060091F930 /* Release */,
			);
			defaultConfigurationIsVisible = 0;
			defaultConfigurationName = Release;
		};
/* End XCConfigurationList section */
	};
	rootObject = 1311D06A24E88A020091F930 /* Project object */;
}
